// !$*UTF8*$!
{
	archiveVersion = 1;
	classes = {
	};
	objectVersion = 50;
	objects = {

/* Begin PBXBuildFile section */
		5AB21810265ED2D300B45E45 /* FitnessTrackApp.swift in Sources */ = {isa = PBXBuildFile; fileRef = 5AB2180F265ED2D300B45E45 /* FitnessTrackApp.swift */; };
		5AB21812265ED2D300B45E45 /* ContentView.swift in Sources */ = {isa = PBXBuildFile; fileRef = 5AB21811265ED2D300B45E45 /* ContentView.swift */; };
		5AB21814265ED2D300B45E45 /* Assets.xcassets in Resources */ = {isa = PBXBuildFile; fileRef = 5AB21813265ED2D300B45E45 /* Assets.xcassets */; };
		5AB21817265ED2D300B45E45 /* Preview Assets.xcassets in Resources */ = {isa = PBXBuildFile; fileRef = 5AB21816265ED2D300B45E45 /* Preview Assets.xcassets */; };
		5AB2181F265ED2F300B45E45 /* HealthStore.swift in Sources */ = {isa = PBXBuildFile; fileRef = 5AB2181E265ED2F300B45E45 /* HealthStore.swift */; };
		5AB21822265ED35900B45E45 /* Step.swift in Sources */ = {isa = PBXBuildFile; fileRef = 5AB21821265ED35900B45E45 /* Step.swift */; };
		5AB21825265ED36400B45E45 /* StepGraphView.swift in Sources */ = {isa = PBXBuildFile; fileRef = 5AB21824265ED36400B45E45 /* StepGraphView.swift */; };
		5AB21829265ED37E00B45E45 /* HealthKit.framework in Frameworks */ = {isa = PBXBuildFile; fileRef = 5AB21828265ED37E00B45E45 /* HealthKit.framework */; };
		5AB2182B265EDD7D00B45E45 /* WorkoutGraphView.swift in Sources */ = {isa = PBXBuildFile; fileRef = 5AB2182A265EDD7D00B45E45 /* WorkoutGraphView.swift */; };
		5ABE5FF12665FF80009528F4 /* CurrentGoalView.swift in Sources */ = {isa = PBXBuildFile; fileRef = 5ABE5FF02665FF80009528F4 /* CurrentGoalView.swift */; };
		5ABE5FF526660A2C009528F4 /* HeartRateView.swift in Sources */ = {isa = PBXBuildFile; fileRef = 5ABE5FF426660A2C009528F4 /* HeartRateView.swift */; };
		5ADD292F265EF06A00B27195 /* ActiveEnergyGraphView.swift in Sources */ = {isa = PBXBuildFile; fileRef = 5ADD292E265EF06A00B27195 /* ActiveEnergyGraphView.swift */; };
		5ADD293726659E8200B27195 /* ChangeGoalView.swift in Sources */ = {isa = PBXBuildFile; fileRef = 5ADD293626659E8200B27195 /* ChangeGoalView.swift */; };
/* End PBXBuildFile section */

/* Begin PBXFileReference section */
		5AB2180C265ED2D300B45E45 /* FitnessTrack.app */ = {isa = PBXFileReference; explicitFileType = wrapper.application; includeInIndex = 0; path = FitnessTrack.app; sourceTree = BUILT_PRODUCTS_DIR; };
		5AB2180F265ED2D300B45E45 /* FitnessTrackApp.swift */ = {isa = PBXFileReference; lastKnownFileType = sourcecode.swift; path = FitnessTrackApp.swift; sourceTree = "<group>"; };
		5AB21811265ED2D300B45E45 /* ContentView.swift */ = {isa = PBXFileReference; lastKnownFileType = sourcecode.swift; path = ContentView.swift; sourceTree = "<group>"; };
		5AB21813265ED2D300B45E45 /* Assets.xcassets */ = {isa = PBXFileReference; lastKnownFileType = folder.assetcatalog; path = Assets.xcassets; sourceTree = "<group>"; };
		5AB21816265ED2D300B45E45 /* Preview Assets.xcassets */ = {isa = PBXFileReference; lastKnownFileType = folder.assetcatalog; path = "Preview Assets.xcassets"; sourceTree = "<group>"; };
		5AB21818265ED2D300B45E45 /* Info.plist */ = {isa = PBXFileReference; lastKnownFileType = text.plist.xml; path = Info.plist; sourceTree = "<group>"; };
		5AB2181E265ED2F300B45E45 /* HealthStore.swift */ = {isa = PBXFileReference; fileEncoding = 4; lastKnownFileType = sourcecode.swift; path = HealthStore.swift; sourceTree = "<group>"; };
		5AB21821265ED35900B45E45 /* Step.swift */ = {isa = PBXFileReference; fileEncoding = 4; lastKnownFileType = sourcecode.swift; path = Step.swift; sourceTree = "<group>"; };
		5AB21824265ED36400B45E45 /* StepGraphView.swift */ = {isa = PBXFileReference; fileEncoding = 4; lastKnownFileType = sourcecode.swift; path = StepGraphView.swift; sourceTree = "<group>"; };
		5AB21826265ED37E00B45E45 /* FitnessTrack.entitlements */ = {isa = PBXFileReference; lastKnownFileType = text.plist.entitlements; path = FitnessTrack.entitlements; sourceTree = "<group>"; };
		5AB21828265ED37E00B45E45 /* HealthKit.framework */ = {isa = PBXFileReference; lastKnownFileType = wrapper.framework; name = HealthKit.framework; path = System/Library/Frameworks/HealthKit.framework; sourceTree = SDKROOT; };
		5AB2182A265EDD7D00B45E45 /* WorkoutGraphView.swift */ = {isa = PBXFileReference; lastKnownFileType = sourcecode.swift; path = WorkoutGraphView.swift; sourceTree = "<group>"; };
		5ABE5FF02665FF80009528F4 /* CurrentGoalView.swift */ = {isa = PBXFileReference; lastKnownFileType = sourcecode.swift; path = CurrentGoalView.swift; sourceTree = "<group>"; };
		5ABE5FF426660A2C009528F4 /* HeartRateView.swift */ = {isa = PBXFileReference; lastKnownFileType = sourcecode.swift; path = HeartRateView.swift; sourceTree = "<group>"; };
		5ADD292E265EF06A00B27195 /* ActiveEnergyGraphView.swift */ = {isa = PBXFileReference; lastKnownFileType = sourcecode.swift; path = ActiveEnergyGraphView.swift; sourceTree = "<group>"; };
		5ADD293626659E8200B27195 /* ChangeGoalView.swift */ = {isa = PBXFileReference; lastKnownFileType = sourcecode.swift; path = ChangeGoalView.swift; sourceTree = "<group>"; };
/* End PBXFileReference section */

/* Begin PBXFrameworksBuildPhase section */
		5AB21809265ED2D300B45E45 /* Frameworks */ = {
			isa = PBXFrameworksBuildPhase;
			buildActionMask = 2147483647;
			files = (
				5AB21829265ED37E00B45E45 /* HealthKit.framework in Frameworks */,
			);
			runOnlyForDeploymentPostprocessing = 0;
		};
/* End PBXFrameworksBuildPhase section */

/* Begin PBXGroup section */
		5AB21803265ED2D300B45E45 = {
			isa = PBXGroup;
			children = (
				5AB2180E265ED2D300B45E45 /* FitnessTrack */,
				5AB2180D265ED2D300B45E45 /* Products */,
				5AB21827265ED37E00B45E45 /* Frameworks */,
			);
			sourceTree = "<group>";
		};
		5AB2180D265ED2D300B45E45 /* Products */ = {
			isa = PBXGroup;
			children = (
				5AB2180C265ED2D300B45E45 /* FitnessTrack.app */,
			);
			name = Products;
			sourceTree = "<group>";
		};
		5AB2180E265ED2D300B45E45 /* FitnessTrack */ = {
			isa = PBXGroup;
			children = (
				5AB21826265ED37E00B45E45 /* FitnessTrack.entitlements */,
				5AB2180F265ED2D300B45E45 /* FitnessTrackApp.swift */,
				5AB21811265ED2D300B45E45 /* ContentView.swift */,
				5ABE5FF02665FF80009528F4 /* CurrentGoalView.swift */,
				5ADD293626659E8200B27195 /* ChangeGoalView.swift */,
				5AB2181E265ED2F300B45E45 /* HealthStore.swift */,
				5AB21820265ED35900B45E45 /* Models */,
				5AB21813265ED2D300B45E45 /* Assets.xcassets */,
				5AB21818265ED2D300B45E45 /* Info.plist */,
				5AB21815265ED2D300B45E45 /* Preview Content */,
				5ABE5FF426660A2C009528F4 /* HeartRateView.swift */,
			);
			path = FitnessTrack;
			sourceTree = "<group>";
		};
		5AB21815265ED2D300B45E45 /* Preview Content */ = {
			isa = PBXGroup;
			children = (
				5AB21816265ED2D300B45E45 /* Preview Assets.xcassets */,
			);
			path = "Preview Content";
			sourceTree = "<group>";
		};
		5AB21820265ED35900B45E45 /* Models */ = {
			isa = PBXGroup;
			children = (
				5AB21823265ED36400B45E45 /* Views */,
				5AB21821265ED35900B45E45 /* Step.swift */,
			);
			path = Models;
			sourceTree = "<group>";
		};
		5AB21823265ED36400B45E45 /* Views */ = {
			isa = PBXGroup;
			children = (
				5AB21824265ED36400B45E45 /* StepGraphView.swift */,
				5AB2182A265EDD7D00B45E45 /* WorkoutGraphView.swift */,
				5ADD292E265EF06A00B27195 /* ActiveEnergyGraphView.swift */,
			);
			path = Views;
			sourceTree = "<group>";
		};
		5AB21827265ED37E00B45E45 /* Frameworks */ = {
			isa = PBXGroup;
			children = (
				5AB21828265ED37E00B45E45 /* HealthKit.framework */,
			);
			name = Frameworks;
			sourceTree = "<group>";
		};
/* End PBXGroup section */

/* Begin PBXNativeTarget section */
		5AB2180B265ED2D300B45E45 /* FitnessTrack */ = {
			isa = PBXNativeTarget;
			buildConfigurationList = 5AB2181B265ED2D300B45E45 /* Build configuration list for PBXNativeTarget "FitnessTrack" */;
			buildPhases = (
				5AB21808265ED2D300B45E45 /* Sources */,
				5AB21809265ED2D300B45E45 /* Frameworks */,
				5AB2180A265ED2D300B45E45 /* Resources */,
			);
			buildRules = (
			);
			dependencies = (
			);
			name = FitnessTrack;
			productName = FitnessTrack;
			productReference = 5AB2180C265ED2D300B45E45 /* FitnessTrack.app */;
			productType = "com.apple.product-type.application";
		};
/* End PBXNativeTarget section */

/* Begin PBXProject section */
		5AB21804265ED2D300B45E45 /* Project object */ = {
			isa = PBXProject;
			attributes = {
				LastSwiftUpdateCheck = 1250;
				LastUpgradeCheck = 1250;
				TargetAttributes = {
					5AB2180B265ED2D300B45E45 = {
						CreatedOnToolsVersion = 12.5;
					};
				};
			};
			buildConfigurationList = 5AB21807265ED2D300B45E45 /* Build configuration list for PBXProject "FitnessTrack" */;
			compatibilityVersion = "Xcode 9.3";
			developmentRegion = en;
			hasScannedForEncodings = 0;
			knownRegions = (
				en,
				Base,
			);
			mainGroup = 5AB21803265ED2D300B45E45;
			productRefGroup = 5AB2180D265ED2D300B45E45 /* Products */;
			projectDirPath = "";
			projectRoot = "";
			targets = (
				5AB2180B265ED2D300B45E45 /* FitnessTrack */,
			);
		};
/* End PBXProject section */

/* Begin PBXResourcesBuildPhase section */
		5AB2180A265ED2D300B45E45 /* Resources */ = {
			isa = PBXResourcesBuildPhase;
			buildActionMask = 2147483647;
			files = (
				5AB21817265ED2D300B45E45 /* Preview Assets.xcassets in Resources */,
				5AB21814265ED2D300B45E45 /* Assets.xcassets in Resources */,
			);
			runOnlyForDeploymentPostprocessing = 0;
		};
/* End PBXResourcesBuildPhase section */

/* Begin PBXSourcesBuildPhase section */
		5AB21808265ED2D300B45E45 /* Sources */ = {
			isa = PBXSourcesBuildPhase;
			buildActionMask = 2147483647;
			files = (
				5ABE5FF12665FF80009528F4 /* CurrentGoalView.swift in Sources */,
				5AB21825265ED36400B45E45 /* StepGraphView.swift in Sources */,
				5AB21812265ED2D300B45E45 /* ContentView.swift in Sources */,
				5ADD292F265EF06A00B27195 /* ActiveEnergyGraphView.swift in Sources */,
				5AB21822265ED35900B45E45 /* Step.swift in Sources */,
				5ABE5FF526660A2C009528F4 /* HeartRateView.swift in Sources */,
				5AB2182B265EDD7D00B45E45 /* WorkoutGraphView.swift in Sources */,
				5AB2181F265ED2F300B45E45 /* HealthStore.swift in Sources */,
				5ADD293726659E8200B27195 /* ChangeGoalView.swift in Sources */,
				5AB21810265ED2D300B45E45 /* FitnessTrackApp.swift in Sources */,
			);
			runOnlyForDeploymentPostprocessing = 0;
		};
/* End PBXSourcesBuildPhase section */

/* Begin XCBuildConfiguration section */
		5AB21819265ED2D300B45E45 /* Debug */ = {
			isa = XCBuildConfiguration;
			buildSettings = {
				ALWAYS_SEARCH_USER_PATHS = NO;
				CLANG_ANALYZER_NONNULL = YES;
				CLANG_ANALYZER_NUMBER_OBJECT_CONVERSION = YES_AGGRESSIVE;
				CLANG_CXX_LANGUAGE_STANDARD = "gnu++14";
				CLANG_CXX_LIBRARY = "libc++";
				CLANG_ENABLE_MODULES = YES;
				CLANG_ENABLE_OBJC_ARC = YES;
				CLANG_ENABLE_OBJC_WEAK = YES;
				CLANG_WARN_BLOCK_CAPTURE_AUTORELEASING = YES;
				CLANG_WARN_BOOL_CONVERSION = YES;
				CLANG_WARN_COMMA = YES;
				CLANG_WARN_CONSTANT_CONVERSION = YES;
				CLANG_WARN_DEPRECATED_OBJC_IMPLEMENTATIONS = YES;
				CLANG_WARN_DIRECT_OBJC_ISA_USAGE = YES_ERROR;
				CLANG_WARN_DOCUMENTATION_COMMENTS = YES;
				CLANG_WARN_EMPTY_BODY = YES;
				CLANG_WARN_ENUM_CONVERSION = YES;
				CLANG_WARN_INFINITE_RECURSION = YES;
				CLANG_WARN_INT_CONVERSION = YES;
				CLANG_WARN_NON_LITERAL_NULL_CONVERSION = YES;
				CLANG_WARN_OBJC_IMPLICIT_RETAIN_SELF = YES;
				CLANG_WARN_OBJC_LITERAL_CONVERSION = YES;
				CLANG_WARN_OBJC_ROOT_CLASS = YES_ERROR;
				CLANG_WARN_QUOTED_INCLUDE_IN_FRAMEWORK_HEADER = YES;
				CLANG_WARN_RANGE_LOOP_ANALYSIS = YES;
				CLANG_WARN_STRICT_PROTOTYPES = YES;
				CLANG_WARN_SUSPICIOUS_MOVE = YES;
				CLANG_WARN_UNGUARDED_AVAILABILITY = YES_AGGRESSIVE;
				CLANG_WARN_UNREACHABLE_CODE = YES;
				CLANG_WARN__DUPLICATE_METHOD_MATCH = YES;
				COPY_PHASE_STRIP = NO;
				DEBUG_INFORMATION_FORMAT = dwarf;
				ENABLE_STRICT_OBJC_MSGSEND = YES;
				ENABLE_TESTABILITY = YES;
				GCC_C_LANGUAGE_STANDARD = gnu11;
				GCC_DYNAMIC_NO_PIC = NO;
				GCC_NO_COMMON_BLOCKS = YES;
				GCC_OPTIMIZATION_LEVEL = 0;
				GCC_PREPROCESSOR_DEFINITIONS = (
					"DEBUG=1",
					"$(inherited)",
				);
				GCC_WARN_64_TO_32_BIT_CONVERSION = YES;
				GCC_WARN_ABOUT_RETURN_TYPE = YES_ERROR;
				GCC_WARN_UNDECLARED_SELECTOR = YES;
				GCC_WARN_UNINITIALIZED_AUTOS = YES_AGGRESSIVE;
				GCC_WARN_UNUSED_FUNCTION = YES;
				GCC_WARN_UNUSED_VARIABLE = YES;
				IPHONEOS_DEPLOYMENT_TARGET = 14.5;
				MTL_ENABLE_DEBUG_INFO = INCLUDE_SOURCE;
				MTL_FAST_MATH = YES;
				ONLY_ACTIVE_ARCH = YES;
				SDKROOT = iphoneos;
				SWIFT_ACTIVE_COMPILATION_CONDITIONS = DEBUG;
				SWIFT_OPTIMIZATION_LEVEL = "-Onone";
			};
			name = Debug;
		};
		5AB2181A265ED2D300B45E45 /* Release */ = {
			isa = XCBuildConfiguration;
			buildSettings = {
				ALWAYS_SEARCH_USER_PATHS = NO;
				CLANG_ANALYZER_NONNULL = YES;
				CLANG_ANALYZER_NUMBER_OBJECT_CONVERSION = YES_AGGRESSIVE;
				CLANG_CXX_LANGUAGE_STANDARD = "gnu++14";
				CLANG_CXX_LIBRARY = "libc++";
				CLANG_ENABLE_MODULES = YES;
				CLANG_ENABLE_OBJC_ARC = YES;
				CLANG_ENABLE_OBJC_WEAK = YES;
				CLANG_WARN_BLOCK_CAPTURE_AUTORELEASING = YES;
				CLANG_WARN_BOOL_CONVERSION = YES;
				CLANG_WARN_COMMA = YES;
				CLANG_WARN_CONSTANT_CONVERSION = YES;
				CLANG_WARN_DEPRECATED_OBJC_IMPLEMENTATIONS = YES;
				CLANG_WARN_DIRECT_OBJC_ISA_USAGE = YES_ERROR;
				CLANG_WARN_DOCUMENTATION_COMMENTS = YES;
				CLANG_WARN_EMPTY_BODY = YES;
				CLANG_WARN_ENUM_CONVERSION = YES;
				CLANG_WARN_INFINITE_RECURSION = YES;
				CLANG_WARN_INT_CONVERSION = YES;
				CLANG_WARN_NON_LITERAL_NULL_CONVERSION = YES;
				CLANG_WARN_OBJC_IMPLICIT_RETAIN_SELF = YES;
				CLANG_WARN_OBJC_LITERAL_CONVERSION = YES;
				CLANG_WARN_OBJC_ROOT_CLASS = YES_ERROR;
				CLANG_WARN_QUOTED_INCLUDE_IN_FRAMEWORK_HEADER = YES;
				CLANG_WARN_RANGE_LOOP_ANALYSIS = YES;
				CLANG_WARN_STRICT_PROTOTYPES = YES;
				CLANG_WARN_SUSPICIOUS_MOVE = YES;
				CLANG_WARN_UNGUARDED_AVAILABILITY = YES_AGGRESSIVE;
				CLANG_WARN_UNREACHABLE_CODE = YES;
				CLANG_WARN__DUPLICATE_METHOD_MATCH = YES;
				COPY_PHASE_STRIP = NO;
				DEBUG_INFORMATION_FORMAT = "dwarf-with-dsym";
				ENABLE_NS_ASSERTIONS = NO;
				ENABLE_STRICT_OBJC_MSGSEND = YES;
				GCC_C_LANGUAGE_STANDARD = gnu11;
				GCC_NO_COMMON_BLOCKS = YES;
				GCC_WARN_64_TO_32_BIT_CONVERSION = YES;
				GCC_WARN_ABOUT_RETURN_TYPE = YES_ERROR;
				GCC_WARN_UNDECLARED_SELECTOR = YES;
				GCC_WARN_UNINITIALIZED_AUTOS = YES_AGGRESSIVE;
				GCC_WARN_UNUSED_FUNCTION = YES;
				GCC_WARN_UNUSED_VARIABLE = YES;
				IPHONEOS_DEPLOYMENT_TARGET = 14.5;
				MTL_ENABLE_DEBUG_INFO = NO;
				MTL_FAST_MATH = YES;
				SDKROOT = iphoneos;
				SWIFT_COMPILATION_MODE = wholemodule;
				SWIFT_OPTIMIZATION_LEVEL = "-O";
				VALIDATE_PRODUCT = YES;
			};
			name = Release;
		};
		5AB2181C265ED2D300B45E45 /* Debug */ = {
			isa = XCBuildConfiguration;
			buildSettings = {
				ASSETCATALOG_COMPILER_APPICON_NAME = AppIcon;
				ASSETCATALOG_COMPILER_GLOBAL_ACCENT_COLOR_NAME = AccentColor;
				CODE_SIGN_ENTITLEMENTS = FitnessTrack/FitnessTrack.entitlements;
				CODE_SIGN_STYLE = Automatic;
				DEVELOPMENT_ASSET_PATHS = "\"FitnessTrack/Preview Content\"";
				DEVELOPMENT_TEAM = Q8ABXL6UA9;
				ENABLE_PREVIEWS = YES;
				INFOPLIST_FILE = FitnessTrack/Info.plist;
				IPHONEOS_DEPLOYMENT_TARGET = 14.0;
				LD_RUNPATH_SEARCH_PATHS = (
					"$(inherited)",
					"@executable_path/Frameworks",
				);
				PRODUCT_BUNDLE_IDENTIFIER = yufei.FitnessTrack;
				PRODUCT_NAME = "$(TARGET_NAME)";
				SWIFT_VERSION = 5.0;
				TARGETED_DEVICE_FAMILY = "1,2";
			};
			name = Debug;
		};
		5AB2181D265ED2D300B45E45 /* Release */ = {
			isa = XCBuildConfiguration;
			buildSettings = {
				ASSETCATALOG_COMPILER_APPICON_NAME = AppIcon;
				ASSETCATALOG_COMPILER_GLOBAL_ACCENT_COLOR_NAME = AccentColor;
				CODE_SIGN_ENTITLEMENTS = FitnessTrack/FitnessTrack.entitlements;
				CODE_SIGN_STYLE = Automatic;
				DEVELOPMENT_ASSET_PATHS = "\"FitnessTrack/Preview Content\"";
				DEVELOPMENT_TEAM = Q8ABXL6UA9;
				ENABLE_PREVIEWS = YES;
				INFOPLIST_FILE = FitnessTrack/Info.plist;
				IPHONEOS_DEPLOYMENT_TARGET = 14.0;
				LD_RUNPATH_SEARCH_PATHS = (
					"$(inherited)",
					"@executable_path/Frameworks",
				);
				PRODUCT_BUNDLE_IDENTIFIER = yufei.FitnessTrack;
				PRODUCT_NAME = "$(TARGET_NAME)";
				SWIFT_VERSION = 5.0;
				TARGETED_DEVICE_FAMILY = "1,2";
			};
			name = Release;
		};
/* End XCBuildConfiguration section */

/* Begin XCConfigurationList section */
		5AB21807265ED2D300B45E45 /* Build configuration list for PBXProject "FitnessTrack" */ = {
			isa = XCConfigurationList;
			buildConfigurations = (
				5AB21819265ED2D300B45E45 /* Debug */,
				5AB2181A265ED2D300B45E45 /* Release */,
			);
			defaultConfigurationIsVisible = 0;
			defaultConfigurationName = Release;
		};
		5AB2181B265ED2D300B45E45 /* Build configuration list for PBXNativeTarget "FitnessTrack" */ = {
			isa = XCConfigurationList;
			buildConfigurations = (
				5AB2181C265ED2D300B45E45 /* Debug */,
				5AB2181D265ED2D300B45E45 /* Release */,
			);
			defaultConfigurationIsVisible = 0;
			defaultConfigurationName = Release;
		};
/* End XCConfigurationList section */
	};
	rootObject = 5AB21804265ED2D300B45E45 /* Project object */;
}
